// !$*UTF8*$!
{
	archiveVersion = 1;
	classes = {
	};
	objectVersion = 50;
	objects = {

/* Begin PBXBuildFile section */
		0BAEED560438AEB7F06C8B79 /* Pods_ManufacturingIntelligence.framework in Frameworks */ = {isa = PBXBuildFile; fileRef = D8FBB0938B6CE76B1CAED9C0 /* Pods_ManufacturingIntelligence.framework */; };
		6333190A20AA695900459DB8 /* GoogleService-Info.plist in Resources */ = {isa = PBXBuildFile; fileRef = 6333190920AA695900459DB8 /* GoogleService-Info.plist */; };
		63CB56C420AA6E69007E9ACB /* DataService.swift in Sources */ = {isa = PBXBuildFile; fileRef = 63CB56C320AA6E69007E9ACB /* DataService.swift */; };
		63CB56C620ABB0A9007E9ACB /* AuthVC.swift in Sources */ = {isa = PBXBuildFile; fileRef = 63CB56C520ABB0A9007E9ACB /* AuthVC.swift */; };
		63CB56C820ABB121007E9ACB /* LoginTextFields.swift in Sources */ = {isa = PBXBuildFile; fileRef = 63CB56C720ABB121007E9ACB /* LoginTextFields.swift */; };
		63CB56CA20ABB3E0007E9ACB /* AuthService.swift in Sources */ = {isa = PBXBuildFile; fileRef = 63CB56C920ABB3E0007E9ACB /* AuthService.swift */; };
		63CB56CC20ABBE6F007E9ACB /* FeedVC.swift in Sources */ = {isa = PBXBuildFile; fileRef = 63CB56CB20ABBE6F007E9ACB /* FeedVC.swift */; };
		63CB56CE20ABBE98007E9ACB /* GroupsVC.swift in Sources */ = {isa = PBXBuildFile; fileRef = 63CB56CD20ABBE98007E9ACB /* GroupsVC.swift */; };
		63FFAB5E20A93435009ACBFC /* AppDelegate.swift in Sources */ = {isa = PBXBuildFile; fileRef = 63FFAB5D20A93435009ACBFC /* AppDelegate.swift */; };
		63FFAB6320A93435009ACBFC /* Main.storyboard in Resources */ = {isa = PBXBuildFile; fileRef = 63FFAB6120A93435009ACBFC /* Main.storyboard */; };
		63FFAB6520A93436009ACBFC /* Assets.xcassets in Resources */ = {isa = PBXBuildFile; fileRef = 63FFAB6420A93436009ACBFC /* Assets.xcassets */; };
		63FFAB6820A93436009ACBFC /* LaunchScreen.storyboard in Resources */ = {isa = PBXBuildFile; fileRef = 63FFAB6620A93436009ACBFC /* LaunchScreen.storyboard */; };
/* End PBXBuildFile section */

/* Begin PBXFileReference section */
		2E34008A95F8619FCCAB1C2F /* Pods-ManufacturingIntelligence.debug.xcconfig */ = {isa = PBXFileReference; includeInIndex = 1; lastKnownFileType = text.xcconfig; name = "Pods-ManufacturingIntelligence.debug.xcconfig"; path = "Pods/Target Support Files/Pods-ManufacturingIntelligence/Pods-ManufacturingIntelligence.debug.xcconfig"; sourceTree = "<group>"; };
		6333190920AA695900459DB8 /* GoogleService-Info.plist */ = {isa = PBXFileReference; fileEncoding = 4; lastKnownFileType = text.plist.xml; path = "GoogleService-Info.plist"; sourceTree = "<group>"; };
		63CB56C320AA6E69007E9ACB /* DataService.swift */ = {isa = PBXFileReference; lastKnownFileType = sourcecode.swift; path = DataService.swift; sourceTree = "<group>"; };
		63CB56C520ABB0A9007E9ACB /* AuthVC.swift */ = {isa = PBXFileReference; lastKnownFileType = sourcecode.swift; path = AuthVC.swift; sourceTree = "<group>"; };
		63CB56C720ABB121007E9ACB /* LoginTextFields.swift */ = {isa = PBXFileReference; lastKnownFileType = sourcecode.swift; path = LoginTextFields.swift; sourceTree = "<group>"; };
		63CB56C920ABB3E0007E9ACB /* AuthService.swift */ = {isa = PBXFileReference; lastKnownFileType = sourcecode.swift; path = AuthService.swift; sourceTree = "<group>"; };
		63CB56CB20ABBE6F007E9ACB /* FeedVC.swift */ = {isa = PBXFileReference; lastKnownFileType = sourcecode.swift; path = FeedVC.swift; sourceTree = "<group>"; };
		63CB56CD20ABBE98007E9ACB /* GroupsVC.swift */ = {isa = PBXFileReference; lastKnownFileType = sourcecode.swift; path = GroupsVC.swift; sourceTree = "<group>"; };
		63FFAB5A20A93435009ACBFC /* ManufacturingIntelligence.app */ = {isa = PBXFileReference; explicitFileType = wrapper.application; includeInIndex = 0; path = ManufacturingIntelligence.app; sourceTree = BUILT_PRODUCTS_DIR; };
		63FFAB5D20A93435009ACBFC /* AppDelegate.swift */ = {isa = PBXFileReference; lastKnownFileType = sourcecode.swift; path = AppDelegate.swift; sourceTree = "<group>"; };
		63FFAB6220A93435009ACBFC /* Base */ = {isa = PBXFileReference; lastKnownFileType = file.storyboard; name = Base; path = Base.lproj/Main.storyboard; sourceTree = "<group>"; };
		63FFAB6420A93436009ACBFC /* Assets.xcassets */ = {isa = PBXFileReference; lastKnownFileType = folder.assetcatalog; path = Assets.xcassets; sourceTree = "<group>"; };
		63FFAB6720A93436009ACBFC /* Base */ = {isa = PBXFileReference; lastKnownFileType = file.storyboard; name = Base; path = Base.lproj/LaunchScreen.storyboard; sourceTree = "<group>"; };
		63FFAB6920A93436009ACBFC /* Info.plist */ = {isa = PBXFileReference; lastKnownFileType = text.plist.xml; path = Info.plist; sourceTree = "<group>"; };
		6BB48808D5EEEF71B6675FA2 /* Pods-ManufacturingIntelligence.release.xcconfig */ = {isa = PBXFileReference; includeInIndex = 1; lastKnownFileType = text.xcconfig; name = "Pods-ManufacturingIntelligence.release.xcconfig"; path = "Pods/Target Support Files/Pods-ManufacturingIntelligence/Pods-ManufacturingIntelligence.release.xcconfig"; sourceTree = "<group>"; };
		D8FBB0938B6CE76B1CAED9C0 /* Pods_ManufacturingIntelligence.framework */ = {isa = PBXFileReference; explicitFileType = wrapper.framework; includeInIndex = 0; path = Pods_ManufacturingIntelligence.framework; sourceTree = BUILT_PRODUCTS_DIR; };
/* End PBXFileReference section */

/* Begin PBXFrameworksBuildPhase section */
		63FFAB5720A93435009ACBFC /* Frameworks */ = {
			isa = PBXFrameworksBuildPhase;
			buildActionMask = 2147483647;
			files = (
				0BAEED560438AEB7F06C8B79 /* Pods_ManufacturingIntelligence.framework in Frameworks */,
			);
			runOnlyForDeploymentPostprocessing = 0;
		};
/* End PBXFrameworksBuildPhase section */

/* Begin PBXGroup section */
		044F27A093446F2C2B01C55C /* Pods */ = {
			isa = PBXGroup;
			children = (
				2E34008A95F8619FCCAB1C2F /* Pods-ManufacturingIntelligence.debug.xcconfig */,
				6BB48808D5EEEF71B6675FA2 /* Pods-ManufacturingIntelligence.release.xcconfig */,
			);
			name = Pods;
			sourceTree = "<group>";
		};
		31284A73A40A5DF37FB17756 /* Frameworks */ = {
			isa = PBXGroup;
			children = (
				D8FBB0938B6CE76B1CAED9C0 /* Pods_ManufacturingIntelligence.framework */,
			);
			name = Frameworks;
			sourceTree = "<group>";
		};
		6333190420AA686300459DB8 /* 01. Model */ = {
			isa = PBXGroup;
			children = (
			);
			path = "01. Model";
			sourceTree = "<group>";
		};
		6333190520AA686E00459DB8 /* 02. Views */ = {
			isa = PBXGroup;
			children = (
				63CB56C720ABB121007E9ACB /* LoginTextFields.swift */,
				63CB56CB20ABBE6F007E9ACB /* FeedVC.swift */,
				63CB56CD20ABBE98007E9ACB /* GroupsVC.swift */,
			);
			path = "02. Views";
			sourceTree = "<group>";
		};
		6333190620AA687300459DB8 /* 03. Controllers */ = {
			isa = PBXGroup;
			children = (
				63CB56C520ABB0A9007E9ACB /* AuthVC.swift */,
			);
			path = "03. Controllers";
			sourceTree = "<group>";
		};
		6333190720AA687900459DB8 /* 04. Extensions */ = {
			isa = PBXGroup;
			children = (
			);
			path = "04. Extensions";
			sourceTree = "<group>";
		};
		6333190820AA687F00459DB8 /* 05. Services */ = {
			isa = PBXGroup;
			children = (
				63CB56C320AA6E69007E9ACB /* DataService.swift */,
				63CB56C920ABB3E0007E9ACB /* AuthService.swift */,
			);
			path = "05. Services";
			sourceTree = "<group>";
		};
		63FFAB5120A93434009ACBFC = {
			isa = PBXGroup;
			children = (
				63FFAB5C20A93435009ACBFC /* ManufacturingIntelligence */,
				63FFAB5B20A93435009ACBFC /* Products */,
				044F27A093446F2C2B01C55C /* Pods */,
				31284A73A40A5DF37FB17756 /* Frameworks */,
			);
			sourceTree = "<group>";
		};
		63FFAB5B20A93435009ACBFC /* Products */ = {
			isa = PBXGroup;
			children = (
				63FFAB5A20A93435009ACBFC /* ManufacturingIntelligence.app */,
			);
			name = Products;
			sourceTree = "<group>";
		};
		63FFAB5C20A93435009ACBFC /* ManufacturingIntelligence */ = {
			isa = PBXGroup;
			children = (
				6333190820AA687F00459DB8 /* 05. Services */,
				6333190720AA687900459DB8 /* 04. Extensions */,
				6333190620AA687300459DB8 /* 03. Controllers */,
				6333190520AA686E00459DB8 /* 02. Views */,
				6333190420AA686300459DB8 /* 01. Model */,
				63FFAB5D20A93435009ACBFC /* AppDelegate.swift */,
				63FFAB6120A93435009ACBFC /* Main.storyboard */,
				63FFAB6420A93436009ACBFC /* Assets.xcassets */,
				63FFAB6620A93436009ACBFC /* LaunchScreen.storyboard */,
				63FFAB6920A93436009ACBFC /* Info.plist */,
				6333190920AA695900459DB8 /* GoogleService-Info.plist */,
			);
			path = ManufacturingIntelligence;
			sourceTree = "<group>";
		};
/* End PBXGroup section */

/* Begin PBXNativeTarget section */
		63FFAB5920A93435009ACBFC /* ManufacturingIntelligence */ = {
			isa = PBXNativeTarget;
			buildConfigurationList = 63FFAB6C20A93436009ACBFC /* Build configuration list for PBXNativeTarget "ManufacturingIntelligence" */;
			buildPhases = (
				91767B1F34239C97323E88AA /* [CP] Check Pods Manifest.lock */,
				63FFAB5620A93435009ACBFC /* Sources */,
				63FFAB5720A93435009ACBFC /* Frameworks */,
				63FFAB5820A93435009ACBFC /* Resources */,
			);
			buildRules = (
			);
			dependencies = (
			);
			name = ManufacturingIntelligence;
			productName = ManufacturingIntelligence;
			productReference = 63FFAB5A20A93435009ACBFC /* ManufacturingIntelligence.app */;
			productType = "com.apple.product-type.application";
		};
/* End PBXNativeTarget section */

/* Begin PBXProject section */
		63FFAB5220A93434009ACBFC /* Project object */ = {
			isa = PBXProject;
			attributes = {
				LastSwiftUpdateCheck = 0930;
				LastUpgradeCheck = 0930;
				ORGANIZATIONNAME = "Vladimir Romanov";
				TargetAttributes = {
					63FFAB5920A93435009ACBFC = {
						CreatedOnToolsVersion = 9.3.1;
					};
				};
			};
			buildConfigurationList = 63FFAB5520A93434009ACBFC /* Build configuration list for PBXProject "ManufacturingIntelligence" */;
			compatibilityVersion = "Xcode 9.3";
			developmentRegion = en;
			hasScannedForEncodings = 0;
			knownRegions = (
				en,
				Base,
			);
			mainGroup = 63FFAB5120A93434009ACBFC;
			productRefGroup = 63FFAB5B20A93435009ACBFC /* Products */;
			projectDirPath = "";
			projectRoot = "";
			targets = (
				63FFAB5920A93435009ACBFC /* ManufacturingIntelligence */,
			);
		};
/* End PBXProject section */

/* Begin PBXResourcesBuildPhase section */
		63FFAB5820A93435009ACBFC /* Resources */ = {
			isa = PBXResourcesBuildPhase;
			buildActionMask = 2147483647;
			files = (
				63FFAB6820A93436009ACBFC /* LaunchScreen.storyboard in Resources */,
				6333190A20AA695900459DB8 /* GoogleService-Info.plist in Resources */,
				63FFAB6520A93436009ACBFC /* Assets.xcassets in Resources */,
				63FFAB6320A93435009ACBFC /* Main.storyboard in Resources */,
			);
			runOnlyForDeploymentPostprocessing = 0;
		};
/* End PBXResourcesBuildPhase section */

/* Begin PBXShellScriptBuildPhase section */
		91767B1F34239C97323E88AA /* [CP] Check Pods Manifest.lock */ = {
			isa = PBXShellScriptBuildPhase;
			buildActionMask = 2147483647;
			files = (
			);
			inputPaths = (
				"${PODS_PODFILE_DIR_PATH}/Podfile.lock",
				"${PODS_ROOT}/Manifest.lock",
			);
			name = "[CP] Check Pods Manifest.lock";
			outputPaths = (
				"$(DERIVED_FILE_DIR)/Pods-ManufacturingIntelligence-checkManifestLockResult.txt",
			);
			runOnlyForDeploymentPostprocessing = 0;
			shellPath = /bin/sh;
			shellScript = "diff \"${PODS_PODFILE_DIR_PATH}/Podfile.lock\" \"${PODS_ROOT}/Manifest.lock\" > /dev/null\nif [ $? != 0 ] ; then\n    # print error to STDERR\n    echo \"error: The sandbox is not in sync with the Podfile.lock. Run 'pod install' or update your CocoaPods installation.\" >&2\n    exit 1\nfi\n# This output is used by Xcode 'outputs' to avoid re-running this script phase.\necho \"SUCCESS\" > \"${SCRIPT_OUTPUT_FILE_0}\"\n";
			showEnvVarsInLog = 0;
		};
/* End PBXShellScriptBuildPhase section */

/* Begin PBXSourcesBuildPhase section */
		63FFAB5620A93435009ACBFC /* Sources */ = {
			isa = PBXSourcesBuildPhase;
			buildActionMask = 2147483647;
			files = (
				63CB56CC20ABBE6F007E9ACB /* FeedVC.swift in Sources */,
				63CB56C620ABB0A9007E9ACB /* AuthVC.swift in Sources */,
				63CB56C820ABB121007E9ACB /* LoginTextFields.swift in Sources */,
				63CB56CA20ABB3E0007E9ACB /* AuthService.swift in Sources */,
				63CB56CE20ABBE98007E9ACB /* GroupsVC.swift in Sources */,
				63CB56C420AA6E69007E9ACB /* DataService.swift in Sources */,
				63FFAB5E20A93435009ACBFC /* AppDelegate.swift in Sources */,
			);
			runOnlyForDeploymentPostprocessing = 0;
		};
/* End PBXSourcesBuildPhase section */

/* Begin PBXVariantGroup section */
		63FFAB6120A93435009ACBFC /* Main.storyboard */ = {
			isa = PBXVariantGroup;
			children = (
				63FFAB6220A93435009ACBFC /* Base */,
			);
			name = Main.storyboard;
			sourceTree = "<group>";
		};
		63FFAB6620A93436009ACBFC /* LaunchScreen.storyboard */ = {
			isa = PBXVariantGroup;
			children = (
				63FFAB6720A93436009ACBFC /* Base */,
			);
			name = LaunchScreen.storyboard;
			sourceTree = "<group>";
		};
/* End PBXVariantGroup section */

/* Begin XCBuildConfiguration section */
		63FFAB6A20A93436009ACBFC /* Debug */ = {
			isa = XCBuildConfiguration;
			buildSettings = {
				ALWAYS_SEARCH_USER_PATHS = NO;
				CLANG_ANALYZER_NONNULL = YES;
				CLANG_ANALYZER_NUMBER_OBJECT_CONVERSION = YES_AGGRESSIVE;
				CLANG_CXX_LANGUAGE_STANDARD = "gnu++14";
				CLANG_CXX_LIBRARY = "libc++";
				CLANG_ENABLE_MODULES = YES;
				CLANG_ENABLE_OBJC_ARC = YES;
				CLANG_ENABLE_OBJC_WEAK = YES;
				CLANG_WARN_BLOCK_CAPTURE_AUTORELEASING = YES;
				CLANG_WARN_BOOL_CONVERSION = YES;
				CLANG_WARN_COMMA = YES;
				CLANG_WARN_CONSTANT_CONVERSION = YES;
				CLANG_WARN_DEPRECATED_OBJC_IMPLEMENTATIONS = YES;
				CLANG_WARN_DIRECT_OBJC_ISA_USAGE = YES_ERROR;
				CLANG_WARN_DOCUMENTATION_COMMENTS = YES;
				CLANG_WARN_EMPTY_BODY = YES;
				CLANG_WARN_ENUM_CONVERSION = YES;
				CLANG_WARN_INFINITE_RECURSION = YES;
				CLANG_WARN_INT_CONVERSION = YES;
				CLANG_WARN_NON_LITERAL_NULL_CONVERSION = YES;
				CLANG_WARN_OBJC_IMPLICIT_RETAIN_SELF = YES;
				CLANG_WARN_OBJC_LITERAL_CONVERSION = YES;
				CLANG_WARN_OBJC_ROOT_CLASS = YES_ERROR;
				CLANG_WARN_RANGE_LOOP_ANALYSIS = YES;
				CLANG_WARN_STRICT_PROTOTYPES = YES;
				CLANG_WARN_SUSPICIOUS_MOVE = YES;
				CLANG_WARN_UNGUARDED_AVAILABILITY = YES_AGGRESSIVE;
				CLANG_WARN_UNREACHABLE_CODE = YES;
				CLANG_WARN__DUPLICATE_METHOD_MATCH = YES;
				CODE_SIGN_IDENTITY = "iPhone Developer";
				COPY_PHASE_STRIP = NO;
				DEBUG_INFORMATION_FORMAT = dwarf;
				ENABLE_STRICT_OBJC_MSGSEND = YES;
				ENABLE_TESTABILITY = YES;
				GCC_C_LANGUAGE_STANDARD = gnu11;
				GCC_DYNAMIC_NO_PIC = NO;
				GCC_NO_COMMON_BLOCKS = YES;
				GCC_OPTIMIZATION_LEVEL = 0;
				GCC_PREPROCESSOR_DEFINITIONS = (
					"DEBUG=1",
					"$(inherited)",
				);
				GCC_WARN_64_TO_32_BIT_CONVERSION = YES;
				GCC_WARN_ABOUT_RETURN_TYPE = YES_ERROR;
				GCC_WARN_UNDECLARED_SELECTOR = YES;
				GCC_WARN_UNINITIALIZED_AUTOS = YES_AGGRESSIVE;
				GCC_WARN_UNUSED_FUNCTION = YES;
				GCC_WARN_UNUSED_VARIABLE = YES;
				IPHONEOS_DEPLOYMENT_TARGET = 11.3;
				MTL_ENABLE_DEBUG_INFO = YES;
				ONLY_ACTIVE_ARCH = YES;
				SDKROOT = iphoneos;
				SWIFT_ACTIVE_COMPILATION_CONDITIONS = DEBUG;
				SWIFT_OPTIMIZATION_LEVEL = "-Onone";
			};
			name = Debug;
		};
		63FFAB6B20A93436009ACBFC /* Release */ = {
			isa = XCBuildConfiguration;
			buildSettings = {
				ALWAYS_SEARCH_USER_PATHS = NO;
				CLANG_ANALYZER_NONNULL = YES;
				CLANG_ANALYZER_NUMBER_OBJECT_CONVERSION = YES_AGGRESSIVE;
				CLANG_CXX_LANGUAGE_STANDARD = "gnu++14";
				CLANG_CXX_LIBRARY = "libc++";
				CLANG_ENABLE_MODULES = YES;
				CLANG_ENABLE_OBJC_ARC = YES;
				CLANG_ENABLE_OBJC_WEAK = YES;
				CLANG_WARN_BLOCK_CAPTURE_AUTORELEASING = YES;
				CLANG_WARN_BOOL_CONVERSION = YES;
				CLANG_WARN_COMMA = YES;
				CLANG_WARN_CONSTANT_CONVERSION = YES;
				CLANG_WARN_DEPRECATED_OBJC_IMPLEMENTATIONS = YES;
				CLANG_WARN_DIRECT_OBJC_ISA_USAGE = YES_ERROR;
				CLANG_WARN_DOCUMENTATION_COMMENTS = YES;
				CLANG_WARN_EMPTY_BODY = YES;
				CLANG_WARN_ENUM_CONVERSION = YES;
				CLANG_WARN_INFINITE_RECURSION = YES;
				CLANG_WARN_INT_CONVERSION = YES;
				CLANG_WARN_NON_LITERAL_NULL_CONVERSION = YES;
				CLANG_WARN_OBJC_IMPLICIT_RETAIN_SELF = YES;
				CLANG_WARN_OBJC_LITERAL_CONVERSION = YES;
				CLANG_WARN_OBJC_ROOT_CLASS = YES_ERROR;
				CLANG_WARN_RANGE_LOOP_ANALYSIS = YES;
				CLANG_WARN_STRICT_PROTOTYPES = YES;
				CLANG_WARN_SUSPICIOUS_MOVE = YES;
				CLANG_WARN_UNGUARDED_AVAILABILITY = YES_AGGRESSIVE;
				CLANG_WARN_UNREACHABLE_CODE = YES;
				CLANG_WARN__DUPLICATE_METHOD_MATCH = YES;
				CODE_SIGN_IDENTITY = "iPhone Developer";
				COPY_PHASE_STRIP = NO;
				DEBUG_INFORMATION_FORMAT = "dwarf-with-dsym";
				ENABLE_NS_ASSERTIONS = NO;
				ENABLE_STRICT_OBJC_MSGSEND = YES;
				GCC_C_LANGUAGE_STANDARD = gnu11;
				GCC_NO_COMMON_BLOCKS = YES;
				GCC_WARN_64_TO_32_BIT_CONVERSION = YES;
				GCC_WARN_ABOUT_RETURN_TYPE = YES_ERROR;
				GCC_WARN_UNDECLARED_SELECTOR = YES;
				GCC_WARN_UNINITIALIZED_AUTOS = YES_AGGRESSIVE;
				GCC_WARN_UNUSED_FUNCTION = YES;
				GCC_WARN_UNUSED_VARIABLE = YES;
				IPHONEOS_DEPLOYMENT_TARGET = 11.3;
				MTL_ENABLE_DEBUG_INFO = NO;
				SDKROOT = iphoneos;
				SWIFT_COMPILATION_MODE = wholemodule;
				SWIFT_OPTIMIZATION_LEVEL = "-O";
				VALIDATE_PRODUCT = YES;
			};
			name = Release;
		};
		63FFAB6D20A93436009ACBFC /* Debug */ = {
			isa = XCBuildConfiguration;
			baseConfigurationReference = 2E34008A95F8619FCCAB1C2F /* Pods-ManufacturingIntelligence.debug.xcconfig */;
			buildSettings = {
				ASSETCATALOG_COMPILER_APPICON_NAME = AppIcon;
				CODE_SIGN_STYLE = Automatic;
				DEVELOPMENT_TEAM = UUDE6HXLBW;
				INFOPLIST_FILE = ManufacturingIntelligence/Info.plist;
				LD_RUNPATH_SEARCH_PATHS = (
					"$(inherited)",
					"@executable_path/Frameworks",
				);
				PRODUCT_BUNDLE_IDENTIFIER = com.vromanov.ManufacturingIntelligence;
				PRODUCT_NAME = "$(TARGET_NAME)";
				SWIFT_VERSION = 4.0;
				TARGETED_DEVICE_FAMILY = "1,2";
			};
			name = Debug;
		};
		63FFAB6E20A93436009ACBFC /* Release */ = {
			isa = XCBuildConfiguration;
			baseConfigurationReference = 6BB48808D5EEEF71B6675FA2 /* Pods-ManufacturingIntelligence.release.xcconfig */;
			buildSettings = {
				ASSETCATALOG_COMPILER_APPICON_NAME = AppIcon;
				CODE_SIGN_STYLE = Automatic;
				DEVELOPMENT_TEAM = UUDE6HXLBW;
				INFOPLIST_FILE = ManufacturingIntelligence/Info.plist;
				LD_RUNPATH_SEARCH_PATHS = (
					"$(inherited)",
					"@executable_path/Frameworks",
				);
				PRODUCT_BUNDLE_IDENTIFIER = com.vromanov.ManufacturingIntelligence;
				PRODUCT_NAME = "$(TARGET_NAME)";
				SWIFT_VERSION = 4.0;
				TARGETED_DEVICE_FAMILY = "1,2";
			};
			name = Release;
		};
/* End XCBuildConfiguration section */

/* Begin XCConfigurationList section */
		63FFAB5520A93434009ACBFC /* Build configuration list for PBXProject "ManufacturingIntelligence" */ = {
			isa = XCConfigurationList;
			buildConfigurations = (
				63FFAB6A20A93436009ACBFC /* Debug */,
				63FFAB6B20A93436009ACBFC /* Release */,
			);
			defaultConfigurationIsVisible = 0;
			defaultConfigurationName = Release;
		};
		63FFAB6C20A93436009ACBFC /* Build configuration list for PBXNativeTarget "ManufacturingIntelligence" */ = {
			isa = XCConfigurationList;
			buildConfigurations = (
				63FFAB6D20A93436009ACBFC /* Debug */,
				63FFAB6E20A93436009ACBFC /* Release */,
			);
			defaultConfigurationIsVisible = 0;
			defaultConfigurationName = Release;
		};
/* End XCConfigurationList section */
	};
	rootObject = 63FFAB5220A93434009ACBFC /* Project object */;
}
